{
  "version": 4,
  "terraform_version": "1.1.2",
  "serial": 11,
  "lineage": "c7867288-9258-bbd0-3d6b-1e494c17d56f",
  "outputs": {},
  "resources": [
    {
      "mode": "managed",
      "type": "aws_iam_policy",
      "name": "custompolicy",
      "provider": "provider[\"registry.terraform.io/hashicorp/aws\"]",
      "instances": [
        {
          "schema_version": 0,
          "attributes": {
            "arn": "arn:aws:iam::979596463358:policy/Ash_S3_EC2_Tagging",
            "description": "",
            "id": "arn:aws:iam::979596463358:policy/Ash_S3_EC2_Tagging",
            "name": "Ash_S3_EC2_Tagging",
            "name_prefix": null,
            "path": "/",
            "policy": "{\"Statement\":[{\"Action\":[\"s3:DeleteObjectTagging\",\"s3:DeleteJobTagging\",\"ec2:DeleteTags\",\"s3:PutBucketTagging\",\"s3:DeleteStorageLensConfigurationTagging\",\"ec2:CreateTags\",\"s3:ReplicateTags\",\"s3:PutStorageLensConfigurationTagging\",\"s3:PutObjectVersionTagging\",\"s3:PutObjectTagging\",\"s3:PutJobTagging\",\"s3:DeleteObjectVersionTagging\"],\"Effect\":\"Allow\",\"Resource\":\"*\",\"Sid\":\"VisualEditor0\"}],\"Version\":\"2012-10-17\"}",
            "policy_id": "ANPA6IFD7ZT7OKGYXLPBW",
            "tags": null,
            "tags_all": {}
          },
          "sensitive_attributes": [],
          "private": "bnVsbA=="
        }
      ]
    },
    {
      "mode": "managed",
      "type": "aws_iam_policy_attachment",
      "name": "attachmenet",
      "provider": "provider[\"registry.terraform.io/hashicorp/aws\"]",
      "instances": [
        {
          "schema_version": 0,
          "attributes": {
            "groups": null,
            "id": "policy-attachment",
            "name": "policy-attachment",
            "policy_arn": "arn:aws:iam::979596463358:policy/Ash_S3_EC2_Tagging",
            "roles": null,
            "users": [
              "Ashish"
            ]
          },
          "sensitive_attributes": [],
          "private": "bnVsbA==",
          "dependencies": [
            "aws_iam_policy.custompolicy",
            "aws_iam_user.myuser"
          ]
        }
      ]
    },
    {
      "mode": "managed",
      "type": "aws_iam_user",
      "name": "myuser",
      "provider": "provider[\"registry.terraform.io/hashicorp/aws\"]",
      "instances": [
        {
          "schema_version": 0,
          "attributes": {
            "arn": "arn:aws:iam::979596463358:user/Ashish",
            "force_destroy": false,
            "id": "Ashish",
            "name": "Ashish",
            "path": "/",
            "permissions_boundary": null,
            "tags": null,
            "tags_all": {},
            "unique_id": "AIDA6IFD7ZT7DYLXYPDAQ"
          },
          "sensitive_attributes": [],
          "private": "bnVsbA=="
        }
      ]
    }
  ]
}
